
Microsoft Visual Studio Solution File, Format Version 12.00
# Visual Studio Version 17
VisualStudioVersion = 17.0.31903.59
MinimumVisualStudioVersion = 10.0.40219.1
Project("{9A19103F-16F7-4668-BE54-9A1E7A4F7556}") = "CarWorkshopMVC", "CarWorkshopMVC\CarWorkshopMVC.csproj", "{D74BF9D5-D620-45CC-A496-0E4EB1244D37}"
EndProject
Project("{9A19103F-16F7-4668-BE54-9A1E7A4F7556}") = "CarWorkshopDomain", "CarWorkshopDomain\CarWorkshopDomain.csproj", "{11DCCC78-18DA-4AB6-A271-98F2AB620454}"
EndProject
Project("{9A19103F-16F7-4668-BE54-9A1E7A4F7556}") = "CarWorkshopApplication", "CarWorkshopApplication\CarWorkshopApplication.csproj", "{E606AC39-ABFB-48DE-85D2-D908718D58CC}"
	ProjectSection(ProjectDependencies) = postProject
		{11DCCC78-18DA-4AB6-A271-98F2AB620454} = {11DCCC78-18DA-4AB6-A271-98F2AB620454}
	EndProjectSection
EndProject
Project("{9A19103F-16F7-4668-BE54-9A1E7A4F7556}") = "CarWorkshopInfrastructure", "CarWorkshopInfrastructure\CarWorkshopInfrastructure.csproj", "{6D3C8E12-44D2-455E-A72A-D409BB7135A7}"
EndProject
Project("{9A19103F-16F7-4668-BE54-9A1E7A4F7556}") = "CarWorkshopDomain.Tests", "CarWorkshopDomain.Tests\CarWorkshopDomain.Tests.csproj", "{00835DFE-B8F8-4861-BB9E-6B38918B720C}"
EndProject
Project("{9A19103F-16F7-4668-BE54-9A1E7A4F7556}") = "CarWorkshopApplication.Tests", "CarWorkshopApplication.Tests\CarWorkshopApplication.Tests.csproj", "{B7D45A20-4EF7-4696-AB14-5892247FC364}"
EndProject
Project("{2150E333-8FDC-42A3-9474-1A3956D46DE8}") = "Tests", "Tests", "{3F85ED65-AA91-49EF-9302-15F9CBCE0926}"
EndProject
Project("{FAE04EC0-301F-11D3-BF4B-00C04F79EFBC}") = "CarWorkshopMVC.Tests", "CarWorkshopMVC.Tests\CarWorkshopMVC.Tests.csproj", "{46468CCF-071A-4D1C-B58E-AA1EA90AD5D9}"
EndProject
Global
	GlobalSection(SolutionConfigurationPlatforms) = preSolution
		Debug|Any CPU = Debug|Any CPU
		Release|Any CPU = Release|Any CPU
	EndGlobalSection
	GlobalSection(ProjectConfigurationPlatforms) = postSolution
		{D74BF9D5-D620-45CC-A496-0E4EB1244D37}.Debug|Any CPU.ActiveCfg = Debug|Any CPU
		{D74BF9D5-D620-45CC-A496-0E4EB1244D37}.Debug|Any CPU.Build.0 = Debug|Any CPU
		{D74BF9D5-D620-45CC-A496-0E4EB1244D37}.Release|Any CPU.ActiveCfg = Release|Any CPU
		{D74BF9D5-D620-45CC-A496-0E4EB1244D37}.Release|Any CPU.Build.0 = Release|Any CPU
		{11DCCC78-18DA-4AB6-A271-98F2AB620454}.Debug|Any CPU.ActiveCfg = Debug|Any CPU
		{11DCCC78-18DA-4AB6-A271-98F2AB620454}.Debug|Any CPU.Build.0 = Debug|Any CPU
		{11DCCC78-18DA-4AB6-A271-98F2AB620454}.Release|Any CPU.ActiveCfg = Release|Any CPU
		{11DCCC78-18DA-4AB6-A271-98F2AB620454}.Release|Any CPU.Build.0 = Release|Any CPU
		{E606AC39-ABFB-48DE-85D2-D908718D58CC}.Debug|Any CPU.ActiveCfg = Debug|Any CPU
		{E606AC39-ABFB-48DE-85D2-D908718D58CC}.Debug|Any CPU.Build.0 = Debug|Any CPU
		{E606AC39-ABFB-48DE-85D2-D908718D58CC}.Release|Any CPU.ActiveCfg = Release|Any CPU
		{E606AC39-ABFB-48DE-85D2-D908718D58CC}.Release|Any CPU.Build.0 = Release|Any CPU
		{6D3C8E12-44D2-455E-A72A-D409BB7135A7}.Debug|Any CPU.ActiveCfg = Debug|Any CPU
		{6D3C8E12-44D2-455E-A72A-D409BB7135A7}.Debug|Any CPU.Build.0 = Debug|Any CPU
		{6D3C8E12-44D2-455E-A72A-D409BB7135A7}.Release|Any CPU.ActiveCfg = Release|Any CPU
		{6D3C8E12-44D2-455E-A72A-D409BB7135A7}.Release|Any CPU.Build.0 = Release|Any CPU
		{00835DFE-B8F8-4861-BB9E-6B38918B720C}.Debug|Any CPU.ActiveCfg = Debug|Any CPU
		{00835DFE-B8F8-4861-BB9E-6B38918B720C}.Debug|Any CPU.Build.0 = Debug|Any CPU
		{00835DFE-B8F8-4861-BB9E-6B38918B720C}.Release|Any CPU.ActiveCfg = Release|Any CPU
		{00835DFE-B8F8-4861-BB9E-6B38918B720C}.Release|Any CPU.Build.0 = Release|Any CPU
		{B7D45A20-4EF7-4696-AB14-5892247FC364}.Debug|Any CPU.ActiveCfg = Debug|Any CPU
		{B7D45A20-4EF7-4696-AB14-5892247FC364}.Debug|Any CPU.Build.0 = Debug|Any CPU
		{B7D45A20-4EF7-4696-AB14-5892247FC364}.Release|Any CPU.ActiveCfg = Release|Any CPU
		{B7D45A20-4EF7-4696-AB14-5892247FC364}.Release|Any CPU.Build.0 = Release|Any CPU
		{46468CCF-071A-4D1C-B58E-AA1EA90AD5D9}.Debug|Any CPU.ActiveCfg = Debug|Any CPU
		{46468CCF-071A-4D1C-B58E-AA1EA90AD5D9}.Debug|Any CPU.Build.0 = Debug|Any CPU
		{46468CCF-071A-4D1C-B58E-AA1EA90AD5D9}.Release|Any CPU.ActiveCfg = Release|Any CPU
		{46468CCF-071A-4D1C-B58E-AA1EA90AD5D9}.Release|Any CPU.Build.0 = Release|Any CPU
	EndGlobalSection
	GlobalSection(SolutionProperties) = preSolution
		HideSolutionNode = FALSE
	EndGlobalSection
	GlobalSection(NestedProjects) = preSolution
		{00835DFE-B8F8-4861-BB9E-6B38918B720C} = {3F85ED65-AA91-49EF-9302-15F9CBCE0926}
		{B7D45A20-4EF7-4696-AB14-5892247FC364} = {3F85ED65-AA91-49EF-9302-15F9CBCE0926}
		{46468CCF-071A-4D1C-B58E-AA1EA90AD5D9} = {3F85ED65-AA91-49EF-9302-15F9CBCE0926}
	EndGlobalSection
	GlobalSection(ExtensibilityGlobals) = postSolution
		SolutionGuid = {06DDB3B7-BFD1-464C-A1E7-97571814446B}
	EndGlobalSection
EndGlobal
